
Microsoft Visual Studio Solution File, Format Version 12.00
# Visual Studio Version 17
VisualStudioVersion = 17.4.33103.184
MinimumVisualStudioVersion = 10.0.40219.1
Project("{8BC9CEB8-8B4A-11D0-8D11-00A0C91BC942}") = "Project11", "Project11\Project11.vcxproj", "{5FFE8566-64F4-45DC-AB78-DB2965172EE3}"
EndProject
Global
	GlobalSection(SolutionConfigurationPlatforms) = preSolution
		Debug|x64 = Debug|x64
		Debug|x86 = Debug|x86
		Release|x64 = Release|x64
		Release|x86 = Release|x86
	EndGlobalSection
	GlobalSection(ProjectConfigurationPlatforms) = postSolution
		{5FFE8566-64F4-45DC-AB78-DB2965172EE3}.Debug|x64.ActiveCfg = Debug|x64
		{5FFE8566-64F4-45DC-AB78-DB2965172EE3}.Debug|x64.Build.0 = Debug|x64
		{5FFE8566-64F4-45DC-AB78-DB2965172EE3}.Debug|x86.ActiveCfg = Debug|Win32
		{5FFE8566-64F4-45DC-AB78-DB2965172EE3}.Debug|x86.Build.0 = Debug|Win32
		{5FFE8566-64F4-45DC-AB78-DB2965172EE3}.Release|x64.ActiveCfg = Release|x64
		{5FFE8566-64F4-45DC-AB78-DB2965172EE3}.Release|x64.Build.0 = Release|x64
		{5FFE8566-64F4-45DC-AB78-DB2965172EE3}.Release|x86.ActiveCfg = Release|Win32
		{5FFE8566-64F4-45DC-AB78-DB2965172EE3}.Release|x86.Build.0 = Release|Win32
	EndGlobalSection
	GlobalSection(SolutionProperties) = preSolution
		HideSolutionNode = FALSE
	EndGlobalSection
	GlobalSection(ExtensibilityGlobals) = postSolution
		SolutionGuid = {04E9429B-21B0-479A-B22F-E3D820715B6D}
	EndGlobalSection
EndGlobal
